
Microsoft Visual Studio Solution File, Format Version 12.00
# Visual Studio Version 17
VisualStudioVersion = 17.5.33530.505
MinimumVisualStudioVersion = 10.0.40219.1
Project("{FAE04EC0-301F-11D3-BF4B-00C04F79EFBC}") = "TEMA_3_DZ_5_1_Library", "TEMA_3_DZ_5_1_Library\TEMA_3_DZ_5_1_Library.csproj", "{BCF86A91-F28E-4D99-99E3-CE4FB8E36D09}"
EndProject
Global
	GlobalSection(SolutionConfigurationPlatforms) = preSolution
		Debug|Any CPU = Debug|Any CPU
		Release|Any CPU = Release|Any CPU
	EndGlobalSection
	GlobalSection(ProjectConfigurationPlatforms) = postSolution
		{BCF86A91-F28E-4D99-99E3-CE4FB8E36D09}.Debug|Any CPU.ActiveCfg = Debug|Any CPU
		{BCF86A91-F28E-4D99-99E3-CE4FB8E36D09}.Debug|Any CPU.Build.0 = Debug|Any CPU
		{BCF86A91-F28E-4D99-99E3-CE4FB8E36D09}.Release|Any CPU.ActiveCfg = Release|Any CPU
		{BCF86A91-F28E-4D99-99E3-CE4FB8E36D09}.Release|Any CPU.Build.0 = Release|Any CPU
	EndGlobalSection
	GlobalSection(SolutionProperties) = preSolution
		HideSolutionNode = FALSE
	EndGlobalSection
	GlobalSection(ExtensibilityGlobals) = postSolution
		SolutionGuid = {37DC69AC-951B-4820-9BD8-88136AF9C771}
	EndGlobalSection
EndGlobal
